
Microsoft Visual Studio Solution File, Format Version 12.00
# Visual Studio Version 17
VisualStudioVersion = 17.1.32421.90
MinimumVisualStudioVersion = 10.0.40219.1
Project("{FAE04EC0-301F-11D3-BF4B-00C04F79EFBC}") = "aspEx2", "aspEx2\aspEx2.csproj", "{43280A4F-1060-4ADD-90F5-483F10614623}"
EndProject
Global
	GlobalSection(SolutionConfigurationPlatforms) = preSolution
		Debug|Any CPU = Debug|Any CPU
		Release|Any CPU = Release|Any CPU
	EndGlobalSection
	GlobalSection(ProjectConfigurationPlatforms) = postSolution
		{43280A4F-1060-4ADD-90F5-483F10614623}.Debug|Any CPU.ActiveCfg = Debug|Any CPU
		{43280A4F-1060-4ADD-90F5-483F10614623}.Debug|Any CPU.Build.0 = Debug|Any CPU
		{43280A4F-1060-4ADD-90F5-483F10614623}.Release|Any CPU.ActiveCfg = Release|Any CPU
		{43280A4F-1060-4ADD-90F5-483F10614623}.Release|Any CPU.Build.0 = Release|Any CPU
	EndGlobalSection
	GlobalSection(SolutionProperties) = preSolution
		HideSolutionNode = FALSE
	EndGlobalSection
	GlobalSection(ExtensibilityGlobals) = postSolution
		SolutionGuid = {D989A948-453C-4C00-B52F-3B082ED4BF2B}
	EndGlobalSection
EndGlobal
